
Microsoft Visual Studio Solution File, Format Version 12.00
# Visual Studio 15
VisualStudioVersion = 15.0.28307.421
MinimumVisualStudioVersion = 10.0.40219.1
Project("{FAE04EC0-301F-11D3-BF4B-00C04F79EFBC}") = "11", "11.csproj", "{CDC11EDC-ECF9-4FF2-BE8D-3930D8AA8355}"
EndProject
Global
	GlobalSection(SolutionConfigurationPlatforms) = preSolution
		Debug|x86 = Debug|x86
		Release|x86 = Release|x86
	EndGlobalSection
	GlobalSection(ProjectConfigurationPlatforms) = postSolution
		{CDC11EDC-ECF9-4FF2-BE8D-3930D8AA8355}.Debug|x86.ActiveCfg = Debug|x86
		{CDC11EDC-ECF9-4FF2-BE8D-3930D8AA8355}.Debug|x86.Build.0 = Debug|x86
		{CDC11EDC-ECF9-4FF2-BE8D-3930D8AA8355}.Release|x86.ActiveCfg = Release|x86
		{CDC11EDC-ECF9-4FF2-BE8D-3930D8AA8355}.Release|x86.Build.0 = Release|x86
	EndGlobalSection
	GlobalSection(SolutionProperties) = preSolution
		HideSolutionNode = FALSE
	EndGlobalSection
	GlobalSection(ExtensibilityGlobals) = postSolution
		SolutionGuid = {BFACCC89-71DB-4057-B880-F4C4F1E25657}
	EndGlobalSection
EndGlobal
